
Microsoft Visual Studio Solution File, Format Version 12.00
# Visual Studio Version 17
VisualStudioVersion = 17.0.31903.59
MinimumVisualStudioVersion = 10.0.40219.1
Project("{2150E333-8FDC-42A3-9474-1A3956D46DE8}") = "$root", "$root", "{502D8ED8-3D2B-48D0-AB13-DCBC17AC9F61}"
	ProjectSection(SolutionItems) = preProject
		.gitattributes = .gitattributes
		.gitignore = .gitignore
		readme.md = readme.md
	EndProjectSection
EndProject
Project("{D954291E-2A0B-460D-934E-DC6B0785DB48}") = "Netxs.Base", "src\std\Netxs.Base.shproj", "{540EFB24-AB11-41C0-B281-B16620F832B6}"
EndProject
Project("{D954291E-2A0B-460D-934E-DC6B0785DB48}") = "Netxs.Memory", "src\memory\Netxs.Memory.shproj", "{B52A6DFC-831B-4416-95EF-A86AD53AE7A8}"
EndProject
Project("{9A19103F-16F7-4668-BE54-9A1E7A4F7556}") = "Netxs.Test", "test\Netxs.Test.csproj", "{7C72D110-69FC-4300-92CE-A6576DA70826}"
EndProject
Global
	GlobalSection(SolutionConfigurationPlatforms) = preSolution
		Debug|Any CPU = Debug|Any CPU
		Release|Any CPU = Release|Any CPU
	EndGlobalSection
	GlobalSection(ProjectConfigurationPlatforms) = postSolution
		{7C72D110-69FC-4300-92CE-A6576DA70826}.Debug|Any CPU.ActiveCfg = Debug|Any CPU
		{7C72D110-69FC-4300-92CE-A6576DA70826}.Debug|Any CPU.Build.0 = Debug|Any CPU
		{7C72D110-69FC-4300-92CE-A6576DA70826}.Release|Any CPU.ActiveCfg = Release|Any CPU
		{7C72D110-69FC-4300-92CE-A6576DA70826}.Release|Any CPU.Build.0 = Release|Any CPU
	EndGlobalSection
	GlobalSection(SolutionProperties) = preSolution
		HideSolutionNode = FALSE
	EndGlobalSection
	GlobalSection(ExtensibilityGlobals) = postSolution
		SolutionGuid = {73B6048B-5B2D-47BD-900B-3BD71E5AF920}
	EndGlobalSection
	GlobalSection(SharedMSBuildProjectFiles) = preSolution
		src\std\std.projitems*{540efb24-ab11-41c0-b281-b16620f832b6}*SharedItemsImports = 13
		src\std\std.projitems*{7c72d110-69fc-4300-92ce-a6576da70826}*SharedItemsImports = 5
		src\memory\memory.projitems*{b52a6dfc-831b-4416-95ef-a86ad53ae7a8}*SharedItemsImports = 13
	EndGlobalSection
EndGlobal
